
Microsoft Visual Studio Solution File, Format Version 12.00
# Visual Studio Version 16
VisualStudioVersion = 16.0.29403.142
MinimumVisualStudioVersion = 10.0.40219.1
Project("{FAE04EC0-301F-11D3-BF4B-00C04F79EFBC}") = "Helpdesk_evry", "Helpdesk_evry\Helpdesk_evry.csproj", "{2C3B6880-5850-43DC-8E23-0F5B9395A90E}"
EndProject
Global
	GlobalSection(SolutionConfigurationPlatforms) = preSolution
		Debug|Any CPU = Debug|Any CPU
		Release|Any CPU = Release|Any CPU
	EndGlobalSection
	GlobalSection(ProjectConfigurationPlatforms) = postSolution
		{2C3B6880-5850-43DC-8E23-0F5B9395A90E}.Debug|Any CPU.ActiveCfg = Debug|Any CPU
		{2C3B6880-5850-43DC-8E23-0F5B9395A90E}.Debug|Any CPU.Build.0 = Debug|Any CPU
		{2C3B6880-5850-43DC-8E23-0F5B9395A90E}.Release|Any CPU.ActiveCfg = Release|Any CPU
		{2C3B6880-5850-43DC-8E23-0F5B9395A90E}.Release|Any CPU.Build.0 = Release|Any CPU
	EndGlobalSection
	GlobalSection(SolutionProperties) = preSolution
		HideSolutionNode = FALSE
	EndGlobalSection
	GlobalSection(ExtensibilityGlobals) = postSolution
		SolutionGuid = {F2959908-60AF-46DE-AF6A-222DA9CC5557}
	EndGlobalSection
EndGlobal
